
Microsoft Visual Studio Solution File, Format Version 12.00
# Visual Studio Version 16
VisualStudioVersion = 16.0.33529.622
MinimumVisualStudioVersion = 10.0.40219.1
Project("{FAE04EC0-301F-11D3-BF4B-00C04F79EFBC}") = "Homework", "Homework\Homework.csproj", "{19906FEA-2A07-4D28-A3F7-2019A3A14EF8}"
EndProject
Project("{FAE04EC0-301F-11D3-BF4B-00C04F79EFBC}") = "HomeWork 2", "HomeWork 2\HomeWork 2.csproj", "{4C8609F3-42EF-4E3C-9A77-3D0FC53E6441}"
EndProject
Project("{FAE04EC0-301F-11D3-BF4B-00C04F79EFBC}") = "HomeWork3", "HomeWork3\HomeWork3.csproj", "{46A85391-4B59-42E1-BAEC-6878724F4941}"
EndProject
Global
	GlobalSection(SolutionConfigurationPlatforms) = preSolution
		Debug|Any CPU = Debug|Any CPU
		Release|Any CPU = Release|Any CPU
	EndGlobalSection
	GlobalSection(ProjectConfigurationPlatforms) = postSolution
		{19906FEA-2A07-4D28-A3F7-2019A3A14EF8}.Debug|Any CPU.ActiveCfg = Debug|Any CPU
		{19906FEA-2A07-4D28-A3F7-2019A3A14EF8}.Debug|Any CPU.Build.0 = Debug|Any CPU
		{19906FEA-2A07-4D28-A3F7-2019A3A14EF8}.Release|Any CPU.ActiveCfg = Release|Any CPU
		{19906FEA-2A07-4D28-A3F7-2019A3A14EF8}.Release|Any CPU.Build.0 = Release|Any CPU
		{4C8609F3-42EF-4E3C-9A77-3D0FC53E6441}.Debug|Any CPU.ActiveCfg = Debug|Any CPU
		{4C8609F3-42EF-4E3C-9A77-3D0FC53E6441}.Debug|Any CPU.Build.0 = Debug|Any CPU
		{4C8609F3-42EF-4E3C-9A77-3D0FC53E6441}.Release|Any CPU.ActiveCfg = Release|Any CPU
		{4C8609F3-42EF-4E3C-9A77-3D0FC53E6441}.Release|Any CPU.Build.0 = Release|Any CPU
		{46A85391-4B59-42E1-BAEC-6878724F4941}.Debug|Any CPU.ActiveCfg = Debug|Any CPU
		{46A85391-4B59-42E1-BAEC-6878724F4941}.Debug|Any CPU.Build.0 = Debug|Any CPU
		{46A85391-4B59-42E1-BAEC-6878724F4941}.Release|Any CPU.ActiveCfg = Release|Any CPU
		{46A85391-4B59-42E1-BAEC-6878724F4941}.Release|Any CPU.Build.0 = Release|Any CPU
	EndGlobalSection
	GlobalSection(SolutionProperties) = preSolution
		HideSolutionNode = FALSE
	EndGlobalSection
	GlobalSection(ExtensibilityGlobals) = postSolution
		SolutionGuid = {099F014D-BA8F-45BA-A972-7F75AFC9C11F}
	EndGlobalSection
EndGlobal
